
Microsoft Visual Studio Solution File, Format Version 12.00
# Visual Studio Version 17
VisualStudioVersion = 17.4.33110.190
MinimumVisualStudioVersion = 10.0.40219.1
Project("{9A19103F-16F7-4668-BE54-9A1E7A4F7556}") = "AzureObjCounter-S", "ObjectCounter\AzureObjCounter-S.csproj", "{67F3D6E7-D5C7-4146-B896-5F265B57874A}"
EndProject
Global
	GlobalSection(SolutionConfigurationPlatforms) = preSolution
		Debug|Any CPU = Debug|Any CPU
		Release|Any CPU = Release|Any CPU
	EndGlobalSection
	GlobalSection(ProjectConfigurationPlatforms) = postSolution
		{67F3D6E7-D5C7-4146-B896-5F265B57874A}.Debug|Any CPU.ActiveCfg = Debug|Any CPU
		{67F3D6E7-D5C7-4146-B896-5F265B57874A}.Debug|Any CPU.Build.0 = Debug|Any CPU
		{67F3D6E7-D5C7-4146-B896-5F265B57874A}.Release|Any CPU.ActiveCfg = Release|Any CPU
		{67F3D6E7-D5C7-4146-B896-5F265B57874A}.Release|Any CPU.Build.0 = Release|Any CPU
	EndGlobalSection
	GlobalSection(SolutionProperties) = preSolution
		HideSolutionNode = FALSE
	EndGlobalSection
	GlobalSection(ExtensibilityGlobals) = postSolution
		SolutionGuid = {3F24D619-B89E-4187-88C8-BD463A5B122C}
	EndGlobalSection
EndGlobal
